version = 1
revision = 2
requires-python = ">=3.11"

[[package]]
name = "pip"
version = "25.1.1"
source = { registry = "https://pypi.org/simple" }
sdist = { url = "https://files.pythonhosted.org/packages/59/de/241caa0ca606f2ec5fe0c1f4261b0465df78d786a38da693864a116c37f4/pip-25.1.1.tar.gz", hash = "sha256:3de45d411d308d5054c2168185d8da7f9a2cd753dbac8acbfa88a8909ecd9077", size = 1940155, upload-time = "2025-05-02T15:14:02.057Z" }
wheels = [
    { url = "https://files.pythonhosted.org/packages/29/a2/d40fb2460e883eca5199c62cfc2463fd261f760556ae6290f88488c362c0/pip-25.1.1-py3-none-any.whl", hash = "sha256:2913a38a2abf4ea6b64ab507bd9e967f3b53dc1ede74b01b0931e1ce548751af", size = 1825227, upload-time = "2025-05-02T15:13:59.102Z" },
]

[[package]]
name = "pip-system-certs"
version = "5.2"
source = { registry = "https://pypi.org/simple" }
dependencies = [
    { name = "pip" },
]
sdist = { url = "https://files.pythonhosted.org/packages/3d/0c/a338ae5d49192861cf54da4d5c2af0efe47edbaa0827995b284005366ca5/pip_system_certs-5.2.tar.gz", hash = "sha256:80b776b5cf17191bf99d313699b7fce2fdb84eb7bbb225fd134109a82706406f", size = 5408, upload-time = "2025-06-17T23:33:15.322Z" }
wheels = [
    { url = "https://files.pythonhosted.org/packages/99/ce/608bbe82759363d6e752dd370daf066be3be8e7ffdb79838501ed6104173/pip_system_certs-5.2-py3-none-any.whl", hash = "sha256:e6ef3e106d4d02313e33955c2bcc4c2b143b2da07ef91e28a6805a0c1c512126", size = 5866, upload-time = "2025-06-17T23:33:14.554Z" },
]

[[package]]
name = "wp-api-client"
version = "0.1.0"
source = { virtual = "." }
dependencies = [
    { name = "pip-system-certs" },
]

[package.metadata]
requires-dist = [{ name = "pip-system-certs", specifier = ">=5.2" }]
